
Microsoft Visual Studio Solution File, Format Version 12.00
# Visual Studio Version 17
VisualStudioVersion = 17.3.32901.215
MinimumVisualStudioVersion = 10.0.40219.1
Project("{9A19103F-16F7-4668-BE54-9A1E7A4F7556}") = "EggSystemCore18+", "EggSystemCore18+\EggSystemCore18+.csproj", "{7EEF241B-0824-4C0F-BBFF-61CBFCCEB95F}"
EndProject
Project("{9A19103F-16F7-4668-BE54-9A1E7A4F7556}") = "egg24", "egg24\egg24.csproj", "{8CFBD5CA-2AB1-4D0E-939E-C927356DF6C4}"
EndProject
Project("{9A19103F-16F7-4668-BE54-9A1E7A4F7556}") = "egg25", "egg25\egg25.csproj", "{C558825F-EEDC-4BA3-A7A9-CC29DF805109}"
EndProject
Project("{9A19103F-16F7-4668-BE54-9A1E7A4F7556}") = "egg26", "egg26\egg26.csproj", "{EC45B79B-2D8D-4A10-9DCD-400C55B5FBD5}"
EndProject
Project("{9A19103F-16F7-4668-BE54-9A1E7A4F7556}") = "egg26_1", "egg26_1\egg26_1.csproj", "{AAC6C943-C08C-42A5-A6C2-3CD4B702E1C9}"
EndProject
Project("{9A19103F-16F7-4668-BE54-9A1E7A4F7556}") = "egg27", "egg27\egg27.csproj", "{7B6E8E29-04C0-4693-8FF4-EBD920768EDA}"
EndProject
Project("{9A19103F-16F7-4668-BE54-9A1E7A4F7556}") = "egg28", "egg28\egg28.csproj", "{58560251-9947-42FD-9D4A-169966B78919}"
EndProject
Project("{9A19103F-16F7-4668-BE54-9A1E7A4F7556}") = "egg28_2", "egg28_2\egg28_2.csproj", "{AE65CDC3-73B0-43D4-B76F-F5701104C50E}"
EndProject
Project("{9A19103F-16F7-4668-BE54-9A1E7A4F7556}") = "egg29", "egg29\egg29.csproj", "{ABD87AAF-2B49-4A88-BB48-978573D59BA2}"
EndProject
Project("{9A19103F-16F7-4668-BE54-9A1E7A4F7556}") = "egg29_3", "egg29_3\egg29_3.csproj", "{DEDB0B2C-E72B-4E70-964E-236157AA8B02}"
EndProject
Project("{9A19103F-16F7-4668-BE54-9A1E7A4F7556}") = "egg31", "egg31\egg31.csproj", "{D31616E9-AE03-4DA4-8524-9E39828238E6}"
EndProject
Project("{9A19103F-16F7-4668-BE54-9A1E7A4F7556}") = "egg32_18", "egg32_18\egg32_18.csproj", "{01F66646-C814-4A33-BD4F-7A49521051C3}"
EndProject
Project("{9A19103F-16F7-4668-BE54-9A1E7A4F7556}") = "eggLibrary32_18", "C:\Users\Student\source\repos\eggLibrary32_18\eggLibrary32_18\eggLibrary32_18.csproj", "{87C4754F-CCF7-44DF-9334-02252233216D}"
EndProject
Project("{9A19103F-16F7-4668-BE54-9A1E7A4F7556}") = "egg33", "egg33\egg33.csproj", "{42268343-A832-4D73-813E-442563C4FD0A}"
EndProject
Project("{9A19103F-16F7-4668-BE54-9A1E7A4F7556}") = "egg34", "egg34\egg34.csproj", "{387A87A0-B0E9-43D6-9EE8-E5B852499D98}"
EndProject
Project("{9A19103F-16F7-4668-BE54-9A1E7A4F7556}") = "egg35", "egg35\egg35.csproj", "{00412D62-2D99-4F83-AD46-BD50760AD06B}"
EndProject
Project("{9A19103F-16F7-4668-BE54-9A1E7A4F7556}") = "egg36", "egg36\egg36.csproj", "{4FE3B1EB-CF29-4A9D-B2B7-32A76125124F}"
EndProject
Project("{9A19103F-16F7-4668-BE54-9A1E7A4F7556}") = "Egg37", "Egg37\Egg37.csproj", "{05CAFB2E-1F8F-4665-9C08-BE11560AB439}"
EndProject
Project("{9A19103F-16F7-4668-BE54-9A1E7A4F7556}") = "egg38", "egg38\egg38.csproj", "{48B6E598-E8CD-4403-B8F4-B19669B9F92B}"
EndProject
Project("{9A19103F-16F7-4668-BE54-9A1E7A4F7556}") = "egg39", "egg39\egg39.csproj", "{601F9CA4-8D44-4D0F-A1E8-CE8251513098}"
EndProject
Project("{9A19103F-16F7-4668-BE54-9A1E7A4F7556}") = "egg39_1", "egg39_1\egg39_1.csproj", "{75676D89-0FEB-4DB3-894F-BC09A412DDF8}"
EndProject
Project("{9A19103F-16F7-4668-BE54-9A1E7A4F7556}") = "egg40", "egg40\egg40.csproj", "{3F203B83-95CE-4B54-9903-FCB9C537EE0B}"
EndProject
Project("{9A19103F-16F7-4668-BE54-9A1E7A4F7556}") = "EggSystemCore", "C:\Users\Student\source\repos\EggSystemCore\EggSystemCore\EggSystemCore.csproj", "{AC676AEE-1797-4DA0-9DB9-7786C7A3A82F}"
EndProject
Global
	GlobalSection(SolutionConfigurationPlatforms) = preSolution
		Debug|Any CPU = Debug|Any CPU
		Release|Any CPU = Release|Any CPU
	EndGlobalSection
	GlobalSection(ProjectConfigurationPlatforms) = postSolution
		{7EEF241B-0824-4C0F-BBFF-61CBFCCEB95F}.Debug|Any CPU.ActiveCfg = Debug|Any CPU
		{7EEF241B-0824-4C0F-BBFF-61CBFCCEB95F}.Debug|Any CPU.Build.0 = Debug|Any CPU
		{7EEF241B-0824-4C0F-BBFF-61CBFCCEB95F}.Release|Any CPU.ActiveCfg = Release|Any CPU
		{7EEF241B-0824-4C0F-BBFF-61CBFCCEB95F}.Release|Any CPU.Build.0 = Release|Any CPU
		{8CFBD5CA-2AB1-4D0E-939E-C927356DF6C4}.Debug|Any CPU.ActiveCfg = Debug|Any CPU
		{8CFBD5CA-2AB1-4D0E-939E-C927356DF6C4}.Debug|Any CPU.Build.0 = Debug|Any CPU
		{8CFBD5CA-2AB1-4D0E-939E-C927356DF6C4}.Release|Any CPU.ActiveCfg = Release|Any CPU
		{8CFBD5CA-2AB1-4D0E-939E-C927356DF6C4}.Release|Any CPU.Build.0 = Release|Any CPU
		{C558825F-EEDC-4BA3-A7A9-CC29DF805109}.Debug|Any CPU.ActiveCfg = Debug|Any CPU
		{C558825F-EEDC-4BA3-A7A9-CC29DF805109}.Debug|Any CPU.Build.0 = Debug|Any CPU
		{C558825F-EEDC-4BA3-A7A9-CC29DF805109}.Release|Any CPU.ActiveCfg = Release|Any CPU
		{C558825F-EEDC-4BA3-A7A9-CC29DF805109}.Release|Any CPU.Build.0 = Release|Any CPU
		{EC45B79B-2D8D-4A10-9DCD-400C55B5FBD5}.Debug|Any CPU.ActiveCfg = Debug|Any CPU
		{EC45B79B-2D8D-4A10-9DCD-400C55B5FBD5}.Debug|Any CPU.Build.0 = Debug|Any CPU
		{EC45B79B-2D8D-4A10-9DCD-400C55B5FBD5}.Release|Any CPU.ActiveCfg = Release|Any CPU
		{EC45B79B-2D8D-4A10-9DCD-400C55B5FBD5}.Release|Any CPU.Build.0 = Release|Any CPU
		{AAC6C943-C08C-42A5-A6C2-3CD4B702E1C9}.Debug|Any CPU.ActiveCfg = Debug|Any CPU
		{AAC6C943-C08C-42A5-A6C2-3CD4B702E1C9}.Debug|Any CPU.Build.0 = Debug|Any CPU
		{AAC6C943-C08C-42A5-A6C2-3CD4B702E1C9}.Release|Any CPU.ActiveCfg = Release|Any CPU
		{AAC6C943-C08C-42A5-A6C2-3CD4B702E1C9}.Release|Any CPU.Build.0 = Release|Any CPU
		{7B6E8E29-04C0-4693-8FF4-EBD920768EDA}.Debug|Any CPU.ActiveCfg = Debug|Any CPU
		{7B6E8E29-04C0-4693-8FF4-EBD920768EDA}.Debug|Any CPU.Build.0 = Debug|Any CPU
		{7B6E8E29-04C0-4693-8FF4-EBD920768EDA}.Release|Any CPU.ActiveCfg = Release|Any CPU
		{7B6E8E29-04C0-4693-8FF4-EBD920768EDA}.Release|Any CPU.Build.0 = Release|Any CPU
		{58560251-9947-42FD-9D4A-169966B78919}.Debug|Any CPU.ActiveCfg = Debug|Any CPU
		{58560251-9947-42FD-9D4A-169966B78919}.Debug|Any CPU.Build.0 = Debug|Any CPU
		{58560251-9947-42FD-9D4A-169966B78919}.Release|Any CPU.ActiveCfg = Release|Any CPU
		{58560251-9947-42FD-9D4A-169966B78919}.Release|Any CPU.Build.0 = Release|Any CPU
		{AE65CDC3-73B0-43D4-B76F-F5701104C50E}.Debug|Any CPU.ActiveCfg = Debug|Any CPU
		{AE65CDC3-73B0-43D4-B76F-F5701104C50E}.Debug|Any CPU.Build.0 = Debug|Any CPU
		{AE65CDC3-73B0-43D4-B76F-F5701104C50E}.Release|Any CPU.ActiveCfg = Release|Any CPU
		{AE65CDC3-73B0-43D4-B76F-F5701104C50E}.Release|Any CPU.Build.0 = Release|Any CPU
		{ABD87AAF-2B49-4A88-BB48-978573D59BA2}.Debug|Any CPU.ActiveCfg = Debug|Any CPU
		{ABD87AAF-2B49-4A88-BB48-978573D59BA2}.Debug|Any CPU.Build.0 = Debug|Any CPU
		{ABD87AAF-2B49-4A88-BB48-978573D59BA2}.Release|Any CPU.ActiveCfg = Release|Any CPU
		{ABD87AAF-2B49-4A88-BB48-978573D59BA2}.Release|Any CPU.Build.0 = Release|Any CPU
		{DEDB0B2C-E72B-4E70-964E-236157AA8B02}.Debug|Any CPU.ActiveCfg = Debug|Any CPU
		{DEDB0B2C-E72B-4E70-964E-236157AA8B02}.Debug|Any CPU.Build.0 = Debug|Any CPU
		{DEDB0B2C-E72B-4E70-964E-236157AA8B02}.Release|Any CPU.ActiveCfg = Release|Any CPU
		{DEDB0B2C-E72B-4E70-964E-236157AA8B02}.Release|Any CPU.Build.0 = Release|Any CPU
		{D31616E9-AE03-4DA4-8524-9E39828238E6}.Debug|Any CPU.ActiveCfg = Debug|Any CPU
		{D31616E9-AE03-4DA4-8524-9E39828238E6}.Debug|Any CPU.Build.0 = Debug|Any CPU
		{D31616E9-AE03-4DA4-8524-9E39828238E6}.Release|Any CPU.ActiveCfg = Release|Any CPU
		{D31616E9-AE03-4DA4-8524-9E39828238E6}.Release|Any CPU.Build.0 = Release|Any CPU
		{01F66646-C814-4A33-BD4F-7A49521051C3}.Debug|Any CPU.ActiveCfg = Debug|Any CPU
		{01F66646-C814-4A33-BD4F-7A49521051C3}.Debug|Any CPU.Build.0 = Debug|Any CPU
		{01F66646-C814-4A33-BD4F-7A49521051C3}.Release|Any CPU.ActiveCfg = Release|Any CPU
		{01F66646-C814-4A33-BD4F-7A49521051C3}.Release|Any CPU.Build.0 = Release|Any CPU
		{87C4754F-CCF7-44DF-9334-02252233216D}.Debug|Any CPU.ActiveCfg = Debug|Any CPU
		{87C4754F-CCF7-44DF-9334-02252233216D}.Debug|Any CPU.Build.0 = Debug|Any CPU
		{87C4754F-CCF7-44DF-9334-02252233216D}.Release|Any CPU.ActiveCfg = Release|Any CPU
		{87C4754F-CCF7-44DF-9334-02252233216D}.Release|Any CPU.Build.0 = Release|Any CPU
		{42268343-A832-4D73-813E-442563C4FD0A}.Debug|Any CPU.ActiveCfg = Debug|Any CPU
		{42268343-A832-4D73-813E-442563C4FD0A}.Debug|Any CPU.Build.0 = Debug|Any CPU
		{42268343-A832-4D73-813E-442563C4FD0A}.Release|Any CPU.ActiveCfg = Release|Any CPU
		{42268343-A832-4D73-813E-442563C4FD0A}.Release|Any CPU.Build.0 = Release|Any CPU
		{387A87A0-B0E9-43D6-9EE8-E5B852499D98}.Debug|Any CPU.ActiveCfg = Debug|Any CPU
		{387A87A0-B0E9-43D6-9EE8-E5B852499D98}.Debug|Any CPU.Build.0 = Debug|Any CPU
		{387A87A0-B0E9-43D6-9EE8-E5B852499D98}.Release|Any CPU.ActiveCfg = Release|Any CPU
		{387A87A0-B0E9-43D6-9EE8-E5B852499D98}.Release|Any CPU.Build.0 = Release|Any CPU
		{00412D62-2D99-4F83-AD46-BD50760AD06B}.Debug|Any CPU.ActiveCfg = Debug|Any CPU
		{00412D62-2D99-4F83-AD46-BD50760AD06B}.Debug|Any CPU.Build.0 = Debug|Any CPU
		{00412D62-2D99-4F83-AD46-BD50760AD06B}.Release|Any CPU.ActiveCfg = Release|Any CPU
		{00412D62-2D99-4F83-AD46-BD50760AD06B}.Release|Any CPU.Build.0 = Release|Any CPU
		{4FE3B1EB-CF29-4A9D-B2B7-32A76125124F}.Debug|Any CPU.ActiveCfg = Debug|Any CPU
		{4FE3B1EB-CF29-4A9D-B2B7-32A76125124F}.Debug|Any CPU.Build.0 = Debug|Any CPU
		{4FE3B1EB-CF29-4A9D-B2B7-32A76125124F}.Release|Any CPU.ActiveCfg = Release|Any CPU
		{4FE3B1EB-CF29-4A9D-B2B7-32A76125124F}.Release|Any CPU.Build.0 = Release|Any CPU
		{05CAFB2E-1F8F-4665-9C08-BE11560AB439}.Debug|Any CPU.ActiveCfg = Debug|Any CPU
		{05CAFB2E-1F8F-4665-9C08-BE11560AB439}.Debug|Any CPU.Build.0 = Debug|Any CPU
		{05CAFB2E-1F8F-4665-9C08-BE11560AB439}.Release|Any CPU.ActiveCfg = Release|Any CPU
		{05CAFB2E-1F8F-4665-9C08-BE11560AB439}.Release|Any CPU.Build.0 = Release|Any CPU
		{48B6E598-E8CD-4403-B8F4-B19669B9F92B}.Debug|Any CPU.ActiveCfg = Debug|Any CPU
		{48B6E598-E8CD-4403-B8F4-B19669B9F92B}.Debug|Any CPU.Build.0 = Debug|Any CPU
		{48B6E598-E8CD-4403-B8F4-B19669B9F92B}.Release|Any CPU.ActiveCfg = Release|Any CPU
		{48B6E598-E8CD-4403-B8F4-B19669B9F92B}.Release|Any CPU.Build.0 = Release|Any CPU
		{601F9CA4-8D44-4D0F-A1E8-CE8251513098}.Debug|Any CPU.ActiveCfg = Debug|Any CPU
		{601F9CA4-8D44-4D0F-A1E8-CE8251513098}.Debug|Any CPU.Build.0 = Debug|Any CPU
		{601F9CA4-8D44-4D0F-A1E8-CE8251513098}.Release|Any CPU.ActiveCfg = Release|Any CPU
		{601F9CA4-8D44-4D0F-A1E8-CE8251513098}.Release|Any CPU.Build.0 = Release|Any CPU
		{75676D89-0FEB-4DB3-894F-BC09A412DDF8}.Debug|Any CPU.ActiveCfg = Debug|Any CPU
		{75676D89-0FEB-4DB3-894F-BC09A412DDF8}.Debug|Any CPU.Build.0 = Debug|Any CPU
		{75676D89-0FEB-4DB3-894F-BC09A412DDF8}.Release|Any CPU.ActiveCfg = Release|Any CPU
		{75676D89-0FEB-4DB3-894F-BC09A412DDF8}.Release|Any CPU.Build.0 = Release|Any CPU
		{3F203B83-95CE-4B54-9903-FCB9C537EE0B}.Debug|Any CPU.ActiveCfg = Debug|Any CPU
		{3F203B83-95CE-4B54-9903-FCB9C537EE0B}.Debug|Any CPU.Build.0 = Debug|Any CPU
		{3F203B83-95CE-4B54-9903-FCB9C537EE0B}.Release|Any CPU.ActiveCfg = Release|Any CPU
		{3F203B83-95CE-4B54-9903-FCB9C537EE0B}.Release|Any CPU.Build.0 = Release|Any CPU
		{AC676AEE-1797-4DA0-9DB9-7786C7A3A82F}.Debug|Any CPU.ActiveCfg = Debug|Any CPU
		{AC676AEE-1797-4DA0-9DB9-7786C7A3A82F}.Debug|Any CPU.Build.0 = Debug|Any CPU
		{AC676AEE-1797-4DA0-9DB9-7786C7A3A82F}.Release|Any CPU.ActiveCfg = Release|Any CPU
		{AC676AEE-1797-4DA0-9DB9-7786C7A3A82F}.Release|Any CPU.Build.0 = Release|Any CPU
	EndGlobalSection
	GlobalSection(SolutionProperties) = preSolution
		HideSolutionNode = FALSE
	EndGlobalSection
	GlobalSection(ExtensibilityGlobals) = postSolution
		SolutionGuid = {11A70EE5-76F3-4CFB-9313-D9C534956219}
	EndGlobalSection
EndGlobal
