
Microsoft Visual Studio Solution File, Format Version 12.00
# Visual Studio Version 16
VisualStudioVersion = 16.0.31129.286
MinimumVisualStudioVersion = 10.0.40219.1
Project("{FAE04EC0-301F-11D3-BF4B-00C04F79EFBC}") = "egg54_FW", "egg54_FW.csproj", "{7121FF1B-4102-49B5-8CB9-68C7E644742B}"
EndProject
Global
	GlobalSection(SolutionConfigurationPlatforms) = preSolution
		Debug|Any CPU = Debug|Any CPU
		Release|Any CPU = Release|Any CPU
	EndGlobalSection
	GlobalSection(ProjectConfigurationPlatforms) = postSolution
		{7121FF1B-4102-49B5-8CB9-68C7E644742B}.Debug|Any CPU.ActiveCfg = Debug|Any CPU
		{7121FF1B-4102-49B5-8CB9-68C7E644742B}.Debug|Any CPU.Build.0 = Debug|Any CPU
		{7121FF1B-4102-49B5-8CB9-68C7E644742B}.Release|Any CPU.ActiveCfg = Release|Any CPU
		{7121FF1B-4102-49B5-8CB9-68C7E644742B}.Release|Any CPU.Build.0 = Release|Any CPU
	EndGlobalSection
	GlobalSection(SolutionProperties) = preSolution
		HideSolutionNode = FALSE
	EndGlobalSection
	GlobalSection(ExtensibilityGlobals) = postSolution
		SolutionGuid = {F01EA31B-4DFE-470A-8F01-F2EF91DB54BD}
	EndGlobalSection
EndGlobal
